# @generated by Move, please check-in and do not edit manually.

[move]
version = 3
manifest_digest = "D86E6E7BE973AAD7B560D68F8E2669CEE3D11FCBD620C7D6648F9F4128193510"
deps_digest = "F8BBB0CCB2491CA29A3DF03D6F92277A4F3574266507ACD77214D37ECA3F3082"
dependencies = [
  { id = "Sui", name = "Sui" },
]

[[move.package]]
id = "MoveStdlib"
source = { git = "https://github.com/MystenLabs/sui.git", rev = "framework/testnet", subdir = "crates/sui-framework/packages/move-stdlib" }

[[move.package]]
id = "Sui"
source = { git = "https://github.com/MystenLabs/sui.git", rev = "framework/testnet", subdir = "crates/sui-framework/packages/sui-framework" }

dependencies = [
  { id = "MoveStdlib", name = "MoveStdlib" },
]

[move.toolchain-version]
compiler-version = "1.49.1"
edition = "2024.beta"
flavor = "sui"

[env]

[env.devnet]
chain-id = "6ee96fc3"
original-published-id = "0xf47b0c6633a1826e8bb09f6d9b8147cd2fef55341696311690b977f4a3a70be9"
latest-published-id = "0xf47b0c6633a1826e8bb09f6d9b8147cd2fef55341696311690b977f4a3a70be9"
published-version = "1"

[env.testnet]
chain-id = "4c78adac"
original-published-id = "0x3682a302f2370ff62c63de2d5d321a321ff623d6c58b7c65c36fe9074901ae70"
latest-published-id = "0x3682a302f2370ff62c63de2d5d321a321ff623d6c58b7c65c36fe9074901ae70"
published-version = "1"
