# @generated by Move, please check-in and do not edit manually.

[move]
version = 3
manifest_digest = "3ABD1D3478F52AA481B83B42EB455D915458582CD9ED07009AE32B02C95C6CBD"
deps_digest = "F8BBB0CCB2491CA29A3DF03D6F92277A4F3574266507ACD77214D37ECA3F3082"
dependencies = [
  { id = "Sui", name = "Sui" },
]

[[move.package]]
id = "MoveStdlib"
source = { git = "https://github.com/MystenLabs/sui.git", rev = "framework/testnet", subdir = "crates/sui-framework/packages/move-stdlib" }

[[move.package]]
id = "Sui"
source = { git = "https://github.com/MystenLabs/sui.git", rev = "framework/testnet", subdir = "crates/sui-framework/packages/sui-framework" }

dependencies = [
  { id = "MoveStdlib", name = "MoveStdlib" },
]

[move.toolchain-version]
compiler-version = "1.48.1"
edition = "2024.beta"
flavor = "sui"

[env]

[env.devnet]
chain-id = "6ee96fc3"
original-published-id = "0xa484d60755febe22f185f41bbc3e1efe7863a04cf8df3c5711ebcee853b7d7b6"
latest-published-id = "0xa484d60755febe22f185f41bbc3e1efe7863a04cf8df3c5711ebcee853b7d7b6"
published-version = "1"
